
Microsoft Visual Studio Solution File, Format Version 12.00
# Visual Studio 15
VisualStudioVersion = 15.0.27428.2037
MinimumVisualStudioVersion = 10.0.40219.1
Project("{9A19103F-16F7-4668-BE54-9A1E7A4F7556}") = "PhoneSell", "PhoneSell\PhoneSell.csproj", "{5F2779B9-15FC-4654-AB57-DC2F29BDB17E}"
EndProject
Global
	GlobalSection(SolutionConfigurationPlatforms) = preSolution
		Debug|Any CPU = Debug|Any CPU
		Release|Any CPU = Release|Any CPU
	EndGlobalSection
	GlobalSection(ProjectConfigurationPlatforms) = postSolution
		{5F2779B9-15FC-4654-AB57-DC2F29BDB17E}.Debug|Any CPU.ActiveCfg = Debug|Any CPU
		{5F2779B9-15FC-4654-AB57-DC2F29BDB17E}.Debug|Any CPU.Build.0 = Debug|Any CPU
		{5F2779B9-15FC-4654-AB57-DC2F29BDB17E}.Release|Any CPU.ActiveCfg = Release|Any CPU
		{5F2779B9-15FC-4654-AB57-DC2F29BDB17E}.Release|Any CPU.Build.0 = Release|Any CPU
	EndGlobalSection
	GlobalSection(SolutionProperties) = preSolution
		HideSolutionNode = FALSE
	EndGlobalSection
	GlobalSection(ExtensibilityGlobals) = postSolution
		SolutionGuid = {2C9DA6D2-785B-4A46-93F9-DECAFFF518BB}
	EndGlobalSection
EndGlobal
